
Microsoft Visual Studio Solution File, Format Version 11.00
# Visual Studio 2012
Project("{FAE04EC0-301F-11D3-BF4B-00C04F79EFBC}") = "ZKosior.LuckyMe", "ZKosior.LuckyMe\ZKosior.LuckyMe.csproj", "{320411D0-698E-4A67-BBC0-7B3DDA67AD40}"
EndProject
Project("{FAE04EC0-301F-11D3-BF4B-00C04F79EFBC}") = "ZKosior.LuckyMeTest", "ZKosior.LuckyMeTest\ZKosior.LuckyMeTest.csproj", "{044CE611-E724-47DB-BA52-2EE02B33C912}"
EndProject
Project("{2150E333-8FDC-42A3-9474-1A3956D46DE8}") = "Solution Items", "Solution Items", "{CC7ABD17-3597-44F2-9872-8CAFF6CD1933}"
	ProjectSection(SolutionItems) = preProject
		Local.testsettings = Local.testsettings
		TraceAndTestImpact.testsettings = TraceAndTestImpact.testsettings
		ZKosior.LuckyMe.vsmdi = ZKosior.LuckyMe.vsmdi
	EndProjectSection
EndProject
Global
	GlobalSection(TestCaseManagementSettings) = postSolution
		CategoryFile = ZKosior.LuckyMe.vsmdi
	EndGlobalSection
	GlobalSection(SolutionConfigurationPlatforms) = preSolution
		Debug|Any CPU = Debug|Any CPU
		Debug|Mixed Platforms = Debug|Mixed Platforms
		Debug|x86 = Debug|x86
		Release|Any CPU = Release|Any CPU
		Release|Mixed Platforms = Release|Mixed Platforms
		Release|x86 = Release|x86
	EndGlobalSection
	GlobalSection(ProjectConfigurationPlatforms) = postSolution
		{320411D0-698E-4A67-BBC0-7B3DDA67AD40}.Debug|Any CPU.ActiveCfg = Debug|x86
		{320411D0-698E-4A67-BBC0-7B3DDA67AD40}.Debug|Mixed Platforms.ActiveCfg = Debug|x86
		{320411D0-698E-4A67-BBC0-7B3DDA67AD40}.Debug|Mixed Platforms.Build.0 = Debug|x86
		{320411D0-698E-4A67-BBC0-7B3DDA67AD40}.Debug|x86.ActiveCfg = Debug|x86
		{320411D0-698E-4A67-BBC0-7B3DDA67AD40}.Debug|x86.Build.0 = Debug|x86
		{320411D0-698E-4A67-BBC0-7B3DDA67AD40}.Release|Any CPU.ActiveCfg = Release|x86
		{320411D0-698E-4A67-BBC0-7B3DDA67AD40}.Release|Mixed Platforms.ActiveCfg = Release|x86
		{320411D0-698E-4A67-BBC0-7B3DDA67AD40}.Release|Mixed Platforms.Build.0 = Release|x86
		{320411D0-698E-4A67-BBC0-7B3DDA67AD40}.Release|x86.ActiveCfg = Release|x86
		{320411D0-698E-4A67-BBC0-7B3DDA67AD40}.Release|x86.Build.0 = Release|x86
		{044CE611-E724-47DB-BA52-2EE02B33C912}.Debug|Any CPU.ActiveCfg = Debug|Any CPU
		{044CE611-E724-47DB-BA52-2EE02B33C912}.Debug|Any CPU.Build.0 = Debug|Any CPU
		{044CE611-E724-47DB-BA52-2EE02B33C912}.Debug|Mixed Platforms.ActiveCfg = Debug|Any CPU
		{044CE611-E724-47DB-BA52-2EE02B33C912}.Debug|Mixed Platforms.Build.0 = Debug|Any CPU
		{044CE611-E724-47DB-BA52-2EE02B33C912}.Debug|x86.ActiveCfg = Debug|Any CPU
		{044CE611-E724-47DB-BA52-2EE02B33C912}.Release|Any CPU.ActiveCfg = Release|Any CPU
		{044CE611-E724-47DB-BA52-2EE02B33C912}.Release|Any CPU.Build.0 = Release|Any CPU
		{044CE611-E724-47DB-BA52-2EE02B33C912}.Release|Mixed Platforms.ActiveCfg = Release|Any CPU
		{044CE611-E724-47DB-BA52-2EE02B33C912}.Release|Mixed Platforms.Build.0 = Release|Any CPU
		{044CE611-E724-47DB-BA52-2EE02B33C912}.Release|x86.ActiveCfg = Release|Any CPU
	EndGlobalSection
	GlobalSection(SolutionProperties) = preSolution
		HideSolutionNode = FALSE
	EndGlobalSection
EndGlobal
